// !$*UTF8*$!
{
	archiveVersion = 1;
	classes = {
	};
	objectVersion = 56;
	objects = {

/* Begin PBXBuildFile section */
		07CAF2D52B5A847700884853 /* AppDelegate.swift in Sources */ = {isa = PBXBuildFile; fileRef = 07CAF2D42B5A847700884853 /* AppDelegate.swift */; };
		07CAF2D72B5A847700884853 /* SceneDelegate.swift in Sources */ = {isa = PBXBuildFile; fileRef = 07CAF2D62B5A847700884853 /* SceneDelegate.swift */; };
		07CAF2D92B5A847700884853 /* ViewController.swift in Sources */ = {isa = PBXBuildFile; fileRef = 07CAF2D82B5A847700884853 /* ViewController.swift */; };
		07CAF2DC2B5A847700884853 /* Main.storyboard in Resources */ = {isa = PBXBuildFile; fileRef = 07CAF2DA2B5A847700884853 /* Main.storyboard */; };
		07CAF2DE2B5A847800884853 /* Assets.xcassets in Resources */ = {isa = PBXBuildFile; fileRef = 07CAF2DD2B5A847800884853 /* Assets.xcassets */; };
		07CAF2E12B5A847800884853 /* LaunchScreen.storyboard in Resources */ = {isa = PBXBuildFile; fileRef = 07CAF2DF2B5A847800884853 /* LaunchScreen.storyboard */; };
		07CAF2EC2B5A847800884853 /* Calculator_IOSTests.swift in Sources */ = {isa = PBXBuildFile; fileRef = 07CAF2EB2B5A847800884853 /* Calculator_IOSTests.swift */; };
		07CAF2F62B5A847800884853 /* Calculator_IOSUITests.swift in Sources */ = {isa = PBXBuildFile; fileRef = 07CAF2F52B5A847800884853 /* Calculator_IOSUITests.swift */; };
		07CAF2F82B5A847800884853 /* Calculator_IOSUITestsLaunchTests.swift in Sources */ = {isa = PBXBuildFile; fileRef = 07CAF2F72B5A847800884853 /* Calculator_IOSUITestsLaunchTests.swift */; };
/* End PBXBuildFile section */

/* Begin PBXContainerItemProxy section */
		07CAF2E82B5A847800884853 /* PBXContainerItemProxy */ = {
			isa = PBXContainerItemProxy;
			containerPortal = 07CAF2C92B5A847700884853 /* Project object */;
			proxyType = 1;
			remoteGlobalIDString = 07CAF2D02B5A847700884853;
			remoteInfo = "Calculator-IOS";
		};
		07CAF2F22B5A847800884853 /* PBXContainerItemProxy */ = {
			isa = PBXContainerItemProxy;
			containerPortal = 07CAF2C92B5A847700884853 /* Project object */;
			proxyType = 1;
			remoteGlobalIDString = 07CAF2D02B5A847700884853;
			remoteInfo = "Calculator-IOS";
		};
/* End PBXContainerItemProxy section */

/* Begin PBXFileReference section */
		07CAF2D12B5A847700884853 /* Calculator-IOS.app */ = {isa = PBXFileReference; explicitFileType = wrapper.application; includeInIndex = 0; path = "Calculator-IOS.app"; sourceTree = BUILT_PRODUCTS_DIR; };
		07CAF2D42B5A847700884853 /* AppDelegate.swift */ = {isa = PBXFileReference; lastKnownFileType = sourcecode.swift; path = AppDelegate.swift; sourceTree = "<group>"; };
		07CAF2D62B5A847700884853 /* SceneDelegate.swift */ = {isa = PBXFileReference; lastKnownFileType = sourcecode.swift; path = SceneDelegate.swift; sourceTree = "<group>"; };
		07CAF2D82B5A847700884853 /* ViewController.swift */ = {isa = PBXFileReference; lastKnownFileType = sourcecode.swift; path = ViewController.swift; sourceTree = "<group>"; };
		07CAF2DB2B5A847700884853 /* Base */ = {isa = PBXFileReference; lastKnownFileType = file.storyboard; name = Base; path = Base.lproj/Main.storyboard; sourceTree = "<group>"; };
		07CAF2DD2B5A847800884853 /* Assets.xcassets */ = {isa = PBXFileReference; lastKnownFileType = folder.assetcatalog; path = Assets.xcassets; sourceTree = "<group>"; };
		07CAF2E02B5A847800884853 /* Base */ = {isa = PBXFileReference; lastKnownFileType = file.storyboard; name = Base; path = Base.lproj/LaunchScreen.storyboard; sourceTree = "<group>"; };
		07CAF2E22B5A847800884853 /* Info.plist */ = {isa = PBXFileReference; lastKnownFileType = text.plist.xml; path = Info.plist; sourceTree = "<group>"; };
		07CAF2E72B5A847800884853 /* Calculator-IOSTests.xctest */ = {isa = PBXFileReference; explicitFileType = wrapper.cfbundle; includeInIndex = 0; path = "Calculator-IOSTests.xctest"; sourceTree = BUILT_PRODUCTS_DIR; };
		07CAF2EB2B5A847800884853 /* Calculator_IOSTests.swift */ = {isa = PBXFileReference; lastKnownFileType = sourcecode.swift; path = Calculator_IOSTests.swift; sourceTree = "<group>"; };
		07CAF2F12B5A847800884853 /* Calculator-IOSUITests.xctest */ = {isa = PBXFileReference; explicitFileType = wrapper.cfbundle; includeInIndex = 0; path = "Calculator-IOSUITests.xctest"; sourceTree = BUILT_PRODUCTS_DIR; };
		07CAF2F52B5A847800884853 /* Calculator_IOSUITests.swift */ = {isa = PBXFileReference; lastKnownFileType = sourcecode.swift; path = Calculator_IOSUITests.swift; sourceTree = "<group>"; };
		07CAF2F72B5A847800884853 /* Calculator_IOSUITestsLaunchTests.swift */ = {isa = PBXFileReference; lastKnownFileType = sourcecode.swift; path = Calculator_IOSUITestsLaunchTests.swift; sourceTree = "<group>"; };
/* End PBXFileReference section */

/* Begin PBXFrameworksBuildPhase section */
		07CAF2CE2B5A847700884853 /* Frameworks */ = {
			isa = PBXFrameworksBuildPhase;
			buildActionMask = 2147483647;
			files = (
			);
			runOnlyForDeploymentPostprocessing = 0;
		};
		07CAF2E42B5A847800884853 /* Frameworks */ = {
			isa = PBXFrameworksBuildPhase;
			buildActionMask = 2147483647;
			files = (
			);
			runOnlyForDeploymentPostprocessing = 0;
		};
		07CAF2EE2B5A847800884853 /* Frameworks */ = {
			isa = PBXFrameworksBuildPhase;
			buildActionMask = 2147483647;
			files = (
			);
			runOnlyForDeploymentPostprocessing = 0;
		};
/* End PBXFrameworksBuildPhase section */

/* Begin PBXGroup section */
		07CAF2C82B5A847700884853 = {
			isa = PBXGroup;
			children = (
				07CAF2D32B5A847700884853 /* Calculator-IOS */,
				07CAF2EA2B5A847800884853 /* Calculator-IOSTests */,
				07CAF2F42B5A847800884853 /* Calculator-IOSUITests */,
				07CAF2D22B5A847700884853 /* Products */,
			);
			sourceTree = "<group>";
		};
		07CAF2D22B5A847700884853 /* Products */ = {
			isa = PBXGroup;
			children = (
				07CAF2D12B5A847700884853 /* Calculator-IOS.app */,
				07CAF2E72B5A847800884853 /* Calculator-IOSTests.xctest */,
				07CAF2F12B5A847800884853 /* Calculator-IOSUITests.xctest */,
			);
			name = Products;
			sourceTree = "<group>";
		};
		07CAF2D32B5A847700884853 /* Calculator-IOS */ = {
			isa = PBXGroup;
			children = (
				07CAF2D42B5A847700884853 /* AppDelegate.swift */,
				07CAF2D62B5A847700884853 /* SceneDelegate.swift */,
				07CAF2D82B5A847700884853 /* ViewController.swift */,
				07CAF2DA2B5A847700884853 /* Main.storyboard */,
				07CAF2DD2B5A847800884853 /* Assets.xcassets */,
				07CAF2DF2B5A847800884853 /* LaunchScreen.storyboard */,
				07CAF2E22B5A847800884853 /* Info.plist */,
			);
			path = "Calculator-IOS";
			sourceTree = "<group>";
		};
		07CAF2EA2B5A847800884853 /* Calculator-IOSTests */ = {
			isa = PBXGroup;
			children = (
				07CAF2EB2B5A847800884853 /* Calculator_IOSTests.swift */,
			);
			path = "Calculator-IOSTests";
			sourceTree = "<group>";
		};
		07CAF2F42B5A847800884853 /* Calculator-IOSUITests */ = {
			isa = PBXGroup;
			children = (
				07CAF2F52B5A847800884853 /* Calculator_IOSUITests.swift */,
				07CAF2F72B5A847800884853 /* Calculator_IOSUITestsLaunchTests.swift */,
			);
			path = "Calculator-IOSUITests";
			sourceTree = "<group>";
		};
/* End PBXGroup section */

/* Begin PBXNativeTarget section */
		07CAF2D02B5A847700884853 /* Calculator-IOS */ = {
			isa = PBXNativeTarget;
			buildConfigurationList = 07CAF2FB2B5A847800884853 /* Build configuration list for PBXNativeTarget "Calculator-IOS" */;
			buildPhases = (
				07CAF2CD2B5A847700884853 /* Sources */,
				07CAF2CE2B5A847700884853 /* Frameworks */,
				07CAF2CF2B5A847700884853 /* Resources */,
			);
			buildRules = (
			);
			dependencies = (
			);
			name = "Calculator-IOS";
			productName = "Calculator-IOS";
			productReference = 07CAF2D12B5A847700884853 /* Calculator-IOS.app */;
			productType = "com.apple.product-type.application";
		};
		07CAF2E62B5A847800884853 /* Calculator-IOSTests */ = {
			isa = PBXNativeTarget;
			buildConfigurationList = 07CAF2FE2B5A847800884853 /* Build configuration list for PBXNativeTarget "Calculator-IOSTests" */;
			buildPhases = (
				07CAF2E32B5A847800884853 /* Sources */,
				07CAF2E42B5A847800884853 /* Frameworks */,
				07CAF2E52B5A847800884853 /* Resources */,
			);
			buildRules = (
			);
			dependencies = (
				07CAF2E92B5A847800884853 /* PBXTargetDependency */,
			);
			name = "Calculator-IOSTests";
			productName = "Calculator-IOSTests";
			productReference = 07CAF2E72B5A847800884853 /* Calculator-IOSTests.xctest */;
			productType = "com.apple.product-type.bundle.unit-test";
		};
		07CAF2F02B5A847800884853 /* Calculator-IOSUITests */ = {
			isa = PBXNativeTarget;
			buildConfigurationList = 07CAF3012B5A847800884853 /* Build configuration list for PBXNativeTarget "Calculator-IOSUITests" */;
			buildPhases = (
				07CAF2ED2B5A847800884853 /* Sources */,
				07CAF2EE2B5A847800884853 /* Frameworks */,
				07CAF2EF2B5A847800884853 /* Resources */,
			);
			buildRules = (
			);
			dependencies = (
				07CAF2F32B5A847800884853 /* PBXTargetDependency */,
			);
			name = "Calculator-IOSUITests";
			productName = "Calculator-IOSUITests";
			productReference = 07CAF2F12B5A847800884853 /* Calculator-IOSUITests.xctest */;
			productType = "com.apple.product-type.bundle.ui-testing";
		};
/* End PBXNativeTarget section */

/* Begin PBXProject section */
		07CAF2C92B5A847700884853 /* Project object */ = {
			isa = PBXProject;
			attributes = {
				BuildIndependentTargetsInParallel = 1;
				LastSwiftUpdateCheck = 1520;
				LastUpgradeCheck = 1520;
				TargetAttributes = {
					07CAF2D02B5A847700884853 = {
						CreatedOnToolsVersion = 15.2;
					};
					07CAF2E62B5A847800884853 = {
						CreatedOnToolsVersion = 15.2;
						TestTargetID = 07CAF2D02B5A847700884853;
					};
					07CAF2F02B5A847800884853 = {
						CreatedOnToolsVersion = 15.2;
						TestTargetID = 07CAF2D02B5A847700884853;
					};
				};
			};
			buildConfigurationList = 07CAF2CC2B5A847700884853 /* Build configuration list for PBXProject "Calculator-IOS" */;
			compatibilityVersion = "Xcode 14.0";
			developmentRegion = en;
			hasScannedForEncodings = 0;
			knownRegions = (
				en,
				Base,
			);
			mainGroup = 07CAF2C82B5A847700884853;
			productRefGroup = 07CAF2D22B5A847700884853 /* Products */;
			projectDirPath = "";
			projectRoot = "";
			targets = (
				07CAF2D02B5A847700884853 /* Calculator-IOS */,
				07CAF2E62B5A847800884853 /* Calculator-IOSTests */,
				07CAF2F02B5A847800884853 /* Calculator-IOSUITests */,
			);
		};
/* End PBXProject section */

/* Begin PBXResourcesBuildPhase section */
		07CAF2CF2B5A847700884853 /* Resources */ = {
			isa = PBXResourcesBuildPhase;
			buildActionMask = 2147483647;
			files = (
				07CAF2E12B5A847800884853 /* LaunchScreen.storyboard in Resources */,
				07CAF2DE2B5A847800884853 /* Assets.xcassets in Resources */,
				07CAF2DC2B5A847700884853 /* Main.storyboard in Resources */,
			);
			runOnlyForDeploymentPostprocessing = 0;
		};
		07CAF2E52B5A847800884853 /* Resources */ = {
			isa = PBXResourcesBuildPhase;
			buildActionMask = 2147483647;
			files = (
			);
			runOnlyForDeploymentPostprocessing = 0;
		};
		07CAF2EF2B5A847800884853 /* Resources */ = {
			isa = PBXResourcesBuildPhase;
			buildActionMask = 2147483647;
			files = (
			);
			runOnlyForDeploymentPostprocessing = 0;
		};
/* End PBXResourcesBuildPhase section */

/* Begin PBXSourcesBuildPhase section */
		07CAF2CD2B5A847700884853 /* Sources */ = {
			isa = PBXSourcesBuildPhase;
			buildActionMask = 2147483647;
			files = (
				07CAF2D92B5A847700884853 /* ViewController.swift in Sources */,
				07CAF2D52B5A847700884853 /* AppDelegate.swift in Sources */,
				07CAF2D72B5A847700884853 /* SceneDelegate.swift in Sources */,
			);
			runOnlyForDeploymentPostprocessing = 0;
		};
		07CAF2E32B5A847800884853 /* Sources */ = {
			isa = PBXSourcesBuildPhase;
			buildActionMask = 2147483647;
			files = (
				07CAF2EC2B5A847800884853 /* Calculator_IOSTests.swift in Sources */,
			);
			runOnlyForDeploymentPostprocessing = 0;
		};
		07CAF2ED2B5A847800884853 /* Sources */ = {
			isa = PBXSourcesBuildPhase;
			buildActionMask = 2147483647;
			files = (
				07CAF2F82B5A847800884853 /* Calculator_IOSUITestsLaunchTests.swift in Sources */,
				07CAF2F62B5A847800884853 /* Calculator_IOSUITests.swift in Sources */,
			);
			runOnlyForDeploymentPostprocessing = 0;
		};
/* End PBXSourcesBuildPhase section */

/* Begin PBXTargetDependency section */
		07CAF2E92B5A847800884853 /* PBXTargetDependency */ = {
			isa = PBXTargetDependency;
			target = 07CAF2D02B5A847700884853 /* Calculator-IOS */;
			targetProxy = 07CAF2E82B5A847800884853 /* PBXContainerItemProxy */;
		};
		07CAF2F32B5A847800884853 /* PBXTargetDependency */ = {
			isa = PBXTargetDependency;
			target = 07CAF2D02B5A847700884853 /* Calculator-IOS */;
			targetProxy = 07CAF2F22B5A847800884853 /* PBXContainerItemProxy */;
		};
/* End PBXTargetDependency section */

/* Begin PBXVariantGroup section */
		07CAF2DA2B5A847700884853 /* Main.storyboard */ = {
			isa = PBXVariantGroup;
			children = (
				07CAF2DB2B5A847700884853 /* Base */,
			);
			name = Main.storyboard;
			sourceTree = "<group>";
		};
		07CAF2DF2B5A847800884853 /* LaunchScreen.storyboard */ = {
			isa = PBXVariantGroup;
			children = (
				07CAF2E02B5A847800884853 /* Base */,
			);
			name = LaunchScreen.storyboard;
			sourceTree = "<group>";
		};
/* End PBXVariantGroup section */

/* Begin XCBuildConfiguration section */
		07CAF2F92B5A847800884853 /* Debug */ = {
			isa = XCBuildConfiguration;
			buildSettings = {
				ALWAYS_SEARCH_USER_PATHS = NO;
				ASSETCATALOG_COMPILER_GENERATE_SWIFT_ASSET_SYMBOL_EXTENSIONS = YES;
				CLANG_ANALYZER_NONNULL = YES;
				CLANG_ANALYZER_NUMBER_OBJECT_CONVERSION = YES_AGGRESSIVE;
				CLANG_CXX_LANGUAGE_STANDARD = "gnu++20";
				CLANG_ENABLE_MODULES = YES;
				CLANG_ENABLE_OBJC_ARC = YES;
				CLANG_ENABLE_OBJC_WEAK = YES;
				CLANG_WARN_BLOCK_CAPTURE_AUTORELEASING = YES;
				CLANG_WARN_BOOL_CONVERSION = YES;
				CLANG_WARN_COMMA = YES;
				CLANG_WARN_CONSTANT_CONVERSION = YES;
				CLANG_WARN_DEPRECATED_OBJC_IMPLEMENTATIONS = YES;
				CLANG_WARN_DIRECT_OBJC_ISA_USAGE = YES_ERROR;
				CLANG_WARN_DOCUMENTATION_COMMENTS = YES;
				CLANG_WARN_EMPTY_BODY = YES;
				CLANG_WARN_ENUM_CONVERSION = YES;
				CLANG_WARN_INFINITE_RECURSION = YES;
				CLANG_WARN_INT_CONVERSION = YES;
				CLANG_WARN_NON_LITERAL_NULL_CONVERSION = YES;
				CLANG_WARN_OBJC_IMPLICIT_RETAIN_SELF = YES;
				CLANG_WARN_OBJC_LITERAL_CONVERSION = YES;
				CLANG_WARN_OBJC_ROOT_CLASS = YES_ERROR;
				CLANG_WARN_QUOTED_INCLUDE_IN_FRAMEWORK_HEADER = YES;
				CLANG_WARN_RANGE_LOOP_ANALYSIS = YES;
				CLANG_WARN_STRICT_PROTOTYPES = YES;
				CLANG_WARN_SUSPICIOUS_MOVE = YES;
				CLANG_WARN_UNGUARDED_AVAILABILITY = YES_AGGRESSIVE;
				CLANG_WARN_UNREACHABLE_CODE = YES;
				CLANG_WARN__DUPLICATE_METHOD_MATCH = YES;
				COPY_PHASE_STRIP = NO;
				DEBUG_INFORMATION_FORMAT = dwarf;
				ENABLE_STRICT_OBJC_MSGSEND = YES;
				ENABLE_TESTABILITY = YES;
				ENABLE_USER_SCRIPT_SANDBOXING = YES;
				GCC_C_LANGUAGE_STANDARD = gnu17;
				GCC_DYNAMIC_NO_PIC = NO;
				GCC_NO_COMMON_BLOCKS = YES;
				GCC_OPTIMIZATION_LEVEL = 0;
				GCC_PREPROCESSOR_DEFINITIONS = (
					"DEBUG=1",
					"$(inherited)",
				);
				GCC_WARN_64_TO_32_BIT_CONVERSION = YES;
				GCC_WARN_ABOUT_RETURN_TYPE = YES_ERROR;
				GCC_WARN_UNDECLARED_SELECTOR = YES;
				GCC_WARN_UNINITIALIZED_AUTOS = YES_AGGRESSIVE;
				GCC_WARN_UNUSED_FUNCTION = YES;
				GCC_WARN_UNUSED_VARIABLE = YES;
				IPHONEOS_DEPLOYMENT_TARGET = 17.2;
				LOCALIZATION_PREFERS_STRING_CATALOGS = YES;
				MTL_ENABLE_DEBUG_INFO = INCLUDE_SOURCE;
				MTL_FAST_MATH = YES;
				ONLY_ACTIVE_ARCH = YES;
				SDKROOT = iphoneos;
				SWIFT_ACTIVE_COMPILATION_CONDITIONS = "DEBUG $(inherited)";
				SWIFT_OPTIMIZATION_LEVEL = "-Onone";
			};
			name = Debug;
		};
		07CAF2FA2B5A847800884853 /* Release */ = {
			isa = XCBuildConfiguration;
			buildSettings = {
				ALWAYS_SEARCH_USER_PATHS = NO;
				ASSETCATALOG_COMPILER_GENERATE_SWIFT_ASSET_SYMBOL_EXTENSIONS = YES;
				CLANG_ANALYZER_NONNULL = YES;
				CLANG_ANALYZER_NUMBER_OBJECT_CONVERSION = YES_AGGRESSIVE;
				CLANG_CXX_LANGUAGE_STANDARD = "gnu++20";
				CLANG_ENABLE_MODULES = YES;
				CLANG_ENABLE_OBJC_ARC = YES;
				CLANG_ENABLE_OBJC_WEAK = YES;
				CLANG_WARN_BLOCK_CAPTURE_AUTORELEASING = YES;
				CLANG_WARN_BOOL_CONVERSION = YES;
				CLANG_WARN_COMMA = YES;
				CLANG_WARN_CONSTANT_CONVERSION = YES;
				CLANG_WARN_DEPRECATED_OBJC_IMPLEMENTATIONS = YES;
				CLANG_WARN_DIRECT_OBJC_ISA_USAGE = YES_ERROR;
				CLANG_WARN_DOCUMENTATION_COMMENTS = YES;
				CLANG_WARN_EMPTY_BODY = YES;
				CLANG_WARN_ENUM_CONVERSION = YES;
				CLANG_WARN_INFINITE_RECURSION = YES;
				CLANG_WARN_INT_CONVERSION = YES;
				CLANG_WARN_NON_LITERAL_NULL_CONVERSION = YES;
				CLANG_WARN_OBJC_IMPLICIT_RETAIN_SELF = YES;
				CLANG_WARN_OBJC_LITERAL_CONVERSION = YES;
				CLANG_WARN_OBJC_ROOT_CLASS = YES_ERROR;
				CLANG_WARN_QUOTED_INCLUDE_IN_FRAMEWORK_HEADER = YES;
				CLANG_WARN_RANGE_LOOP_ANALYSIS = YES;
				CLANG_WARN_STRICT_PROTOTYPES = YES;
				CLANG_WARN_SUSPICIOUS_MOVE = YES;
				CLANG_WARN_UNGUARDED_AVAILABILITY = YES_AGGRESSIVE;
				CLANG_WARN_UNREACHABLE_CODE = YES;
				CLANG_WARN__DUPLICATE_METHOD_MATCH = YES;
				COPY_PHASE_STRIP = NO;
				DEBUG_INFORMATION_FORMAT = "dwarf-with-dsym";
				ENABLE_NS_ASSERTIONS = NO;
				ENABLE_STRICT_OBJC_MSGSEND = YES;
				ENABLE_USER_SCRIPT_SANDBOXING = YES;
				GCC_C_LANGUAGE_STANDARD = gnu17;
				GCC_NO_COMMON_BLOCKS = YES;
				GCC_WARN_64_TO_32_BIT_CONVERSION = YES;
				GCC_WARN_ABOUT_RETURN_TYPE = YES_ERROR;
				GCC_WARN_UNDECLARED_SELECTOR = YES;
				GCC_WARN_UNINITIALIZED_AUTOS = YES_AGGRESSIVE;
				GCC_WARN_UNUSED_FUNCTION = YES;
				GCC_WARN_UNUSED_VARIABLE = YES;
				IPHONEOS_DEPLOYMENT_TARGET = 17.2;
				LOCALIZATION_PREFERS_STRING_CATALOGS = YES;
				MTL_ENABLE_DEBUG_INFO = NO;
				MTL_FAST_MATH = YES;
				SDKROOT = iphoneos;
				SWIFT_COMPILATION_MODE = wholemodule;
				VALIDATE_PRODUCT = YES;
			};
			name = Release;
		};
		07CAF2FC2B5A847800884853 /* Debug */ = {
			isa = XCBuildConfiguration;
			buildSettings = {
				ASSETCATALOG_COMPILER_APPICON_NAME = AppIcon;
				ASSETCATALOG_COMPILER_GLOBAL_ACCENT_COLOR_NAME = AccentColor;
				CODE_SIGN_STYLE = Automatic;
				CURRENT_PROJECT_VERSION = 1;
				GENERATE_INFOPLIST_FILE = YES;
				INFOPLIST_FILE = "Calculator-IOS/Info.plist";
				INFOPLIST_KEY_UIApplicationSupportsIndirectInputEvents = YES;
				INFOPLIST_KEY_UILaunchStoryboardName = LaunchScreen;
				INFOPLIST_KEY_UIMainStoryboardFile = Main;
				INFOPLIST_KEY_UISupportedInterfaceOrientations_iPad = "UIInterfaceOrientationPortrait UIInterfaceOrientationPortraitUpsideDown UIInterfaceOrientationLandscapeLeft UIInterfaceOrientationLandscapeRight";
				INFOPLIST_KEY_UISupportedInterfaceOrientations_iPhone = "UIInterfaceOrientationPortrait UIInterfaceOrientationLandscapeLeft UIInterfaceOrientationLandscapeRight";
				LD_RUNPATH_SEARCH_PATHS = (
					"$(inherited)",
					"@executable_path/Frameworks",
				);
				MARKETING_VERSION = 1.0;
				PRODUCT_BUNDLE_IDENTIFIER = "ios.apps.Calculator-IOS";
				PRODUCT_NAME = "$(TARGET_NAME)";
				SWIFT_EMIT_LOC_STRINGS = YES;
				SWIFT_VERSION = 5.0;
				TARGETED_DEVICE_FAMILY = "1,2";
			};
			name = Debug;
		};
		07CAF2FD2B5A847800884853 /* Release */ = {
			isa = XCBuildConfiguration;
			buildSettings = {
				ASSETCATALOG_COMPILER_APPICON_NAME = AppIcon;
				ASSETCATALOG_COMPILER_GLOBAL_ACCENT_COLOR_NAME = AccentColor;
				CODE_SIGN_STYLE = Automatic;
				CURRENT_PROJECT_VERSION = 1;
				GENERATE_INFOPLIST_FILE = YES;
				INFOPLIST_FILE = "Calculator-IOS/Info.plist";
				INFOPLIST_KEY_UIApplicationSupportsIndirectInputEvents = YES;
				INFOPLIST_KEY_UILaunchStoryboardName = LaunchScreen;
				INFOPLIST_KEY_UIMainStoryboardFile = Main;
				INFOPLIST_KEY_UISupportedInterfaceOrientations_iPad = "UIInterfaceOrientationPortrait UIInterfaceOrientationPortraitUpsideDown UIInterfaceOrientationLandscapeLeft UIInterfaceOrientationLandscapeRight";
				INFOPLIST_KEY_UISupportedInterfaceOrientations_iPhone = "UIInterfaceOrientationPortrait UIInterfaceOrientationLandscapeLeft UIInterfaceOrientationLandscapeRight";
				LD_RUNPATH_SEARCH_PATHS = (
					"$(inherited)",
					"@executable_path/Frameworks",
				);
				MARKETING_VERSION = 1.0;
				PRODUCT_BUNDLE_IDENTIFIER = "ios.apps.Calculator-IOS";
				PRODUCT_NAME = "$(TARGET_NAME)";
				SWIFT_EMIT_LOC_STRINGS = YES;
				SWIFT_VERSION = 5.0;
				TARGETED_DEVICE_FAMILY = "1,2";
			};
			name = Release;
		};
		07CAF2FF2B5A847800884853 /* Debug */ = {
			isa = XCBuildConfiguration;
			buildSettings = {
				ALWAYS_EMBED_SWIFT_STANDARD_LIBRARIES = YES;
				BUNDLE_LOADER = "$(TEST_HOST)";
				CODE_SIGN_STYLE = Automatic;
				CURRENT_PROJECT_VERSION = 1;
				GENERATE_INFOPLIST_FILE = YES;
				IPHONEOS_DEPLOYMENT_TARGET = 17.2;
				MARKETING_VERSION = 1.0;
				PRODUCT_BUNDLE_IDENTIFIER = "ios.apps.Calculator-IOSTests";
				PRODUCT_NAME = "$(TARGET_NAME)";
				SWIFT_EMIT_LOC_STRINGS = NO;
				SWIFT_VERSION = 5.0;
				TARGETED_DEVICE_FAMILY = "1,2";
				TEST_HOST = "$(BUILT_PRODUCTS_DIR)/Calculator-IOS.app/$(BUNDLE_EXECUTABLE_FOLDER_PATH)/Calculator-IOS";
			};
			name = Debug;
		};
		07CAF3002B5A847800884853 /* Release */ = {
			isa = XCBuildConfiguration;
			buildSettings = {
				ALWAYS_EMBED_SWIFT_STANDARD_LIBRARIES = YES;
				BUNDLE_LOADER = "$(TEST_HOST)";
				CODE_SIGN_STYLE = Automatic;
				CURRENT_PROJECT_VERSION = 1;
				GENERATE_INFOPLIST_FILE = YES;
				IPHONEOS_DEPLOYMENT_TARGET = 17.2;
				MARKETING_VERSION = 1.0;
				PRODUCT_BUNDLE_IDENTIFIER = "ios.apps.Calculator-IOSTests";
				PRODUCT_NAME = "$(TARGET_NAME)";
				SWIFT_EMIT_LOC_STRINGS = NO;
				SWIFT_VERSION = 5.0;
				TARGETED_DEVICE_FAMILY = "1,2";
				TEST_HOST = "$(BUILT_PRODUCTS_DIR)/Calculator-IOS.app/$(BUNDLE_EXECUTABLE_FOLDER_PATH)/Calculator-IOS";
			};
			name = Release;
		};
		07CAF3022B5A847800884853 /* Debug */ = {
			isa = XCBuildConfiguration;
			buildSettings = {
				ALWAYS_EMBED_SWIFT_STANDARD_LIBRARIES = YES;
				CODE_SIGN_STYLE = Automatic;
				CURRENT_PROJECT_VERSION = 1;
				GENERATE_INFOPLIST_FILE = YES;
				MARKETING_VERSION = 1.0;
				PRODUCT_BUNDLE_IDENTIFIER = "ios.apps.Calculator-IOSUITests";
				PRODUCT_NAME = "$(TARGET_NAME)";
				SWIFT_EMIT_LOC_STRINGS = NO;
				SWIFT_VERSION = 5.0;
				TARGETED_DEVICE_FAMILY = "1,2";
				TEST_TARGET_NAME = "Calculator-IOS";
			};
			name = Debug;
		};
		07CAF3032B5A847800884853 /* Release */ = {
			isa = XCBuildConfiguration;
			buildSettings = {
				ALWAYS_EMBED_SWIFT_STANDARD_LIBRARIES = YES;
				CODE_SIGN_STYLE = Automatic;
				CURRENT_PROJECT_VERSION = 1;
				GENERATE_INFOPLIST_FILE = YES;
				MARKETING_VERSION = 1.0;
				PRODUCT_BUNDLE_IDENTIFIER = "ios.apps.Calculator-IOSUITests";
				PRODUCT_NAME = "$(TARGET_NAME)";
				SWIFT_EMIT_LOC_STRINGS = NO;
				SWIFT_VERSION = 5.0;
				TARGETED_DEVICE_FAMILY = "1,2";
				TEST_TARGET_NAME = "Calculator-IOS";
			};
			name = Release;
		};
/* End XCBuildConfiguration section */

/* Begin XCConfigurationList section */
		07CAF2CC2B5A847700884853 /* Build configuration list for PBXProject "Calculator-IOS" */ = {
			isa = XCConfigurationList;
			buildConfigurations = (
				07CAF2F92B5A847800884853 /* Debug */,
				07CAF2FA2B5A847800884853 /* Release */,
			);
			defaultConfigurationIsVisible = 0;
			defaultConfigurationName = Release;
		};
		07CAF2FB2B5A847800884853 /* Build configuration list for PBXNativeTarget "Calculator-IOS" */ = {
			isa = XCConfigurationList;
			buildConfigurations = (
				07CAF2FC2B5A847800884853 /* Debug */,
				07CAF2FD2B5A847800884853 /* Release */,
			);
			defaultConfigurationIsVisible = 0;
			defaultConfigurationName = Release;
		};
		07CAF2FE2B5A847800884853 /* Build configuration list for PBXNativeTarget "Calculator-IOSTests" */ = {
			isa = XCConfigurationList;
			buildConfigurations = (
				07CAF2FF2B5A847800884853 /* Debug */,
				07CAF3002B5A847800884853 /* Release */,
			);
			defaultConfigurationIsVisible = 0;
			defaultConfigurationName = Release;
		};
		07CAF3012B5A847800884853 /* Build configuration list for PBXNativeTarget "Calculator-IOSUITests" */ = {
			isa = XCConfigurationList;
			buildConfigurations = (
				07CAF3022B5A847800884853 /* Debug */,
				07CAF3032B5A847800884853 /* Release */,
			);
			defaultConfigurationIsVisible = 0;
			defaultConfigurationName = Release;
		};
/* End XCConfigurationList section */
	};
	rootObject = 07CAF2C92B5A847700884853 /* Project object */;
}
